
Microsoft Visual Studio Solution File, Format Version 12.00
# Visual Studio Version 16
VisualStudioVersion = 16.0.29318.209
MinimumVisualStudioVersion = 10.0.40219.1
Project("{FAE04EC0-301F-11D3-BF4B-00C04F79EFBC}") = "assignment1", "assignment1\assignment1.csproj", "{6A90DCE2-B56A-4618-B15B-43B35537869B}"
EndProject
Global
	GlobalSection(SolutionConfigurationPlatforms) = preSolution
		Debug|Any CPU = Debug|Any CPU
		Release|Any CPU = Release|Any CPU
	EndGlobalSection
	GlobalSection(ProjectConfigurationPlatforms) = postSolution
		{6A90DCE2-B56A-4618-B15B-43B35537869B}.Debug|Any CPU.ActiveCfg = Debug|Any CPU
		{6A90DCE2-B56A-4618-B15B-43B35537869B}.Debug|Any CPU.Build.0 = Debug|Any CPU
		{6A90DCE2-B56A-4618-B15B-43B35537869B}.Release|Any CPU.ActiveCfg = Release|Any CPU
		{6A90DCE2-B56A-4618-B15B-43B35537869B}.Release|Any CPU.Build.0 = Release|Any CPU
	EndGlobalSection
	GlobalSection(SolutionProperties) = preSolution
		HideSolutionNode = FALSE
	EndGlobalSection
	GlobalSection(ExtensibilityGlobals) = postSolution
		SolutionGuid = {BFB43A51-B436-4D5F-9948-C36BD0E4ED95}
	EndGlobalSection
EndGlobal
